
Microsoft Visual Studio Solution File, Format Version 12.00
# Visual Studio 15
VisualStudioVersion = 15.0.28307.852
MinimumVisualStudioVersion = 10.0.40219.1
Project("{FAE04EC0-301F-11D3-BF4B-00C04F79EFBC}") = "Observer", "Observer\Observer.csproj", "{AAA8A622-3D00-4662-AC61-042993C635F0}"
EndProject
Global
	GlobalSection(SolutionConfigurationPlatforms) = preSolution
		Debug|Any CPU = Debug|Any CPU
		Release|Any CPU = Release|Any CPU
	EndGlobalSection
	GlobalSection(ProjectConfigurationPlatforms) = postSolution
		{AAA8A622-3D00-4662-AC61-042993C635F0}.Debug|Any CPU.ActiveCfg = Debug|Any CPU
		{AAA8A622-3D00-4662-AC61-042993C635F0}.Debug|Any CPU.Build.0 = Debug|Any CPU
		{AAA8A622-3D00-4662-AC61-042993C635F0}.Release|Any CPU.ActiveCfg = Release|Any CPU
		{AAA8A622-3D00-4662-AC61-042993C635F0}.Release|Any CPU.Build.0 = Release|Any CPU
	EndGlobalSection
	GlobalSection(SolutionProperties) = preSolution
		HideSolutionNode = FALSE
	EndGlobalSection
	GlobalSection(ExtensibilityGlobals) = postSolution
		SolutionGuid = {53F3B7D1-D1AD-49E2-9551-129572C9DD1D}
	EndGlobalSection
EndGlobal
